
Microsoft Visual Studio Solution File, Format Version 12.00
# Visual Studio Version 16
VisualStudioVersion = 16.0.31205.134
MinimumVisualStudioVersion = 10.0.40219.1
Project("{9A19103F-16F7-4668-BE54-9A1E7A4F7556}") = "Categoryio.Api", "Categoryio\Categoryio.Api.csproj", "{A69AA80B-A05B-4340-B0C7-D8B29713C5CA}"
EndProject
Project("{C7167F0D-BC9F-4E6E-AFE1-012C56B48DB5}") = "Categoryio.Destkop (Package)", "Categoryio.Destkop\Categoryio.Destkop (Package)\Categoryio.Destkop (Package).wapproj", "{9F89E23B-B60F-45C8-A846-21E0A4F0A187}"
EndProject
Project("{FAE04EC0-301F-11D3-BF4B-00C04F79EFBC}") = "Categoryio.Destkop", "Categoryio.Destkop\Categoryio.Destkop\Categoryio.Destkop.csproj", "{A81C5A9A-96C5-43F4-89E1-FBFDE20FBF04}"
EndProject
Project("{FAE04EC0-301F-11D3-BF4B-00C04F79EFBC}") = "Categoryio.Common", "Categoryio.Contract\Categoryio.Common.csproj", "{AA86A060-28D5-40D4-83FC-1F877CC3C7A4}"
EndProject
Global
	GlobalSection(SolutionConfigurationPlatforms) = preSolution
		Debug|Any CPU = Debug|Any CPU
		Debug|arm64 = Debug|arm64
		Debug|x64 = Debug|x64
		Debug|x86 = Debug|x86
		Release|Any CPU = Release|Any CPU
		Release|arm64 = Release|arm64
		Release|x64 = Release|x64
		Release|x86 = Release|x86
	EndGlobalSection
	GlobalSection(ProjectConfigurationPlatforms) = postSolution
		{A69AA80B-A05B-4340-B0C7-D8B29713C5CA}.Debug|Any CPU.ActiveCfg = Debug|Any CPU
		{A69AA80B-A05B-4340-B0C7-D8B29713C5CA}.Debug|Any CPU.Build.0 = Debug|Any CPU
		{A69AA80B-A05B-4340-B0C7-D8B29713C5CA}.Debug|arm64.ActiveCfg = Debug|Any CPU
		{A69AA80B-A05B-4340-B0C7-D8B29713C5CA}.Debug|arm64.Build.0 = Debug|Any CPU
		{A69AA80B-A05B-4340-B0C7-D8B29713C5CA}.Debug|x64.ActiveCfg = Debug|Any CPU
		{A69AA80B-A05B-4340-B0C7-D8B29713C5CA}.Debug|x64.Build.0 = Debug|Any CPU
		{A69AA80B-A05B-4340-B0C7-D8B29713C5CA}.Debug|x86.ActiveCfg = Debug|Any CPU
		{A69AA80B-A05B-4340-B0C7-D8B29713C5CA}.Debug|x86.Build.0 = Debug|Any CPU
		{A69AA80B-A05B-4340-B0C7-D8B29713C5CA}.Release|Any CPU.ActiveCfg = Release|Any CPU
		{A69AA80B-A05B-4340-B0C7-D8B29713C5CA}.Release|Any CPU.Build.0 = Release|Any CPU
		{A69AA80B-A05B-4340-B0C7-D8B29713C5CA}.Release|arm64.ActiveCfg = Release|Any CPU
		{A69AA80B-A05B-4340-B0C7-D8B29713C5CA}.Release|arm64.Build.0 = Release|Any CPU
		{A69AA80B-A05B-4340-B0C7-D8B29713C5CA}.Release|x64.ActiveCfg = Release|Any CPU
		{A69AA80B-A05B-4340-B0C7-D8B29713C5CA}.Release|x64.Build.0 = Release|Any CPU
		{A69AA80B-A05B-4340-B0C7-D8B29713C5CA}.Release|x86.ActiveCfg = Release|Any CPU
		{A69AA80B-A05B-4340-B0C7-D8B29713C5CA}.Release|x86.Build.0 = Release|Any CPU
		{9F89E23B-B60F-45C8-A846-21E0A4F0A187}.Debug|Any CPU.ActiveCfg = Debug|x86
		{9F89E23B-B60F-45C8-A846-21E0A4F0A187}.Debug|arm64.ActiveCfg = Debug|arm64
		{9F89E23B-B60F-45C8-A846-21E0A4F0A187}.Debug|arm64.Build.0 = Debug|arm64
		{9F89E23B-B60F-45C8-A846-21E0A4F0A187}.Debug|arm64.Deploy.0 = Debug|arm64
		{9F89E23B-B60F-45C8-A846-21E0A4F0A187}.Debug|x64.ActiveCfg = Debug|x64
		{9F89E23B-B60F-45C8-A846-21E0A4F0A187}.Debug|x64.Build.0 = Debug|x64
		{9F89E23B-B60F-45C8-A846-21E0A4F0A187}.Debug|x64.Deploy.0 = Debug|x64
		{9F89E23B-B60F-45C8-A846-21E0A4F0A187}.Debug|x86.ActiveCfg = Debug|x86
		{9F89E23B-B60F-45C8-A846-21E0A4F0A187}.Debug|x86.Build.0 = Debug|x86
		{9F89E23B-B60F-45C8-A846-21E0A4F0A187}.Debug|x86.Deploy.0 = Debug|x86
		{9F89E23B-B60F-45C8-A846-21E0A4F0A187}.Release|Any CPU.ActiveCfg = Release|x86
		{9F89E23B-B60F-45C8-A846-21E0A4F0A187}.Release|arm64.ActiveCfg = Release|arm64
		{9F89E23B-B60F-45C8-A846-21E0A4F0A187}.Release|arm64.Build.0 = Release|arm64
		{9F89E23B-B60F-45C8-A846-21E0A4F0A187}.Release|arm64.Deploy.0 = Release|arm64
		{9F89E23B-B60F-45C8-A846-21E0A4F0A187}.Release|x64.ActiveCfg = Release|x64
		{9F89E23B-B60F-45C8-A846-21E0A4F0A187}.Release|x64.Build.0 = Release|x64
		{9F89E23B-B60F-45C8-A846-21E0A4F0A187}.Release|x64.Deploy.0 = Release|x64
		{9F89E23B-B60F-45C8-A846-21E0A4F0A187}.Release|x86.ActiveCfg = Release|x86
		{9F89E23B-B60F-45C8-A846-21E0A4F0A187}.Release|x86.Build.0 = Release|x86
		{9F89E23B-B60F-45C8-A846-21E0A4F0A187}.Release|x86.Deploy.0 = Release|x86
		{A81C5A9A-96C5-43F4-89E1-FBFDE20FBF04}.Debug|Any CPU.ActiveCfg = Debug|x86
		{A81C5A9A-96C5-43F4-89E1-FBFDE20FBF04}.Debug|arm64.ActiveCfg = Debug|arm64
		{A81C5A9A-96C5-43F4-89E1-FBFDE20FBF04}.Debug|arm64.Build.0 = Debug|arm64
		{A81C5A9A-96C5-43F4-89E1-FBFDE20FBF04}.Debug|x64.ActiveCfg = Debug|x64
		{A81C5A9A-96C5-43F4-89E1-FBFDE20FBF04}.Debug|x64.Build.0 = Debug|x64
		{A81C5A9A-96C5-43F4-89E1-FBFDE20FBF04}.Debug|x86.ActiveCfg = Debug|x86
		{A81C5A9A-96C5-43F4-89E1-FBFDE20FBF04}.Debug|x86.Build.0 = Debug|x86
		{A81C5A9A-96C5-43F4-89E1-FBFDE20FBF04}.Release|Any CPU.ActiveCfg = Release|x86
		{A81C5A9A-96C5-43F4-89E1-FBFDE20FBF04}.Release|arm64.ActiveCfg = Release|arm64
		{A81C5A9A-96C5-43F4-89E1-FBFDE20FBF04}.Release|arm64.Build.0 = Release|arm64
		{A81C5A9A-96C5-43F4-89E1-FBFDE20FBF04}.Release|x64.ActiveCfg = Release|x64
		{A81C5A9A-96C5-43F4-89E1-FBFDE20FBF04}.Release|x64.Build.0 = Release|x64
		{A81C5A9A-96C5-43F4-89E1-FBFDE20FBF04}.Release|x86.ActiveCfg = Release|x86
		{A81C5A9A-96C5-43F4-89E1-FBFDE20FBF04}.Release|x86.Build.0 = Release|x86
		{AA86A060-28D5-40D4-83FC-1F877CC3C7A4}.Debug|Any CPU.ActiveCfg = Debug|Any CPU
		{AA86A060-28D5-40D4-83FC-1F877CC3C7A4}.Debug|Any CPU.Build.0 = Debug|Any CPU
		{AA86A060-28D5-40D4-83FC-1F877CC3C7A4}.Debug|arm64.ActiveCfg = Debug|Any CPU
		{AA86A060-28D5-40D4-83FC-1F877CC3C7A4}.Debug|arm64.Build.0 = Debug|Any CPU
		{AA86A060-28D5-40D4-83FC-1F877CC3C7A4}.Debug|x64.ActiveCfg = Debug|Any CPU
		{AA86A060-28D5-40D4-83FC-1F877CC3C7A4}.Debug|x64.Build.0 = Debug|Any CPU
		{AA86A060-28D5-40D4-83FC-1F877CC3C7A4}.Debug|x86.ActiveCfg = Debug|Any CPU
		{AA86A060-28D5-40D4-83FC-1F877CC3C7A4}.Debug|x86.Build.0 = Debug|Any CPU
		{AA86A060-28D5-40D4-83FC-1F877CC3C7A4}.Release|Any CPU.ActiveCfg = Release|Any CPU
		{AA86A060-28D5-40D4-83FC-1F877CC3C7A4}.Release|Any CPU.Build.0 = Release|Any CPU
		{AA86A060-28D5-40D4-83FC-1F877CC3C7A4}.Release|arm64.ActiveCfg = Release|Any CPU
		{AA86A060-28D5-40D4-83FC-1F877CC3C7A4}.Release|arm64.Build.0 = Release|Any CPU
		{AA86A060-28D5-40D4-83FC-1F877CC3C7A4}.Release|x64.ActiveCfg = Release|Any CPU
		{AA86A060-28D5-40D4-83FC-1F877CC3C7A4}.Release|x64.Build.0 = Release|Any CPU
		{AA86A060-28D5-40D4-83FC-1F877CC3C7A4}.Release|x86.ActiveCfg = Release|Any CPU
		{AA86A060-28D5-40D4-83FC-1F877CC3C7A4}.Release|x86.Build.0 = Release|Any CPU
	EndGlobalSection
	GlobalSection(SolutionProperties) = preSolution
		HideSolutionNode = FALSE
	EndGlobalSection
	GlobalSection(ExtensibilityGlobals) = postSolution
		SolutionGuid = {0DCF96E1-B8BF-4BA4-9AB5-D4558CFB96D9}
	EndGlobalSection
EndGlobal
