
Microsoft Visual Studio Solution File, Format Version 12.00
# Visual Studio Version 16
VisualStudioVersion = 16.0.31205.134
MinimumVisualStudioVersion = 10.0.40219.1
Project("{9A19103F-16F7-4668-BE54-9A1E7A4F7556}") = "Categoryio.Api", "Categoryio\Categoryio.Api.csproj", "{A69AA80B-A05B-4340-B0C7-D8B29713C5CA}"
EndProject
Global
	GlobalSection(SolutionConfigurationPlatforms) = preSolution
		Debug|Any CPU = Debug|Any CPU
		Release|Any CPU = Release|Any CPU
	EndGlobalSection
	GlobalSection(ProjectConfigurationPlatforms) = postSolution
		{A69AA80B-A05B-4340-B0C7-D8B29713C5CA}.Debug|Any CPU.ActiveCfg = Debug|Any CPU
		{A69AA80B-A05B-4340-B0C7-D8B29713C5CA}.Debug|Any CPU.Build.0 = Debug|Any CPU
		{A69AA80B-A05B-4340-B0C7-D8B29713C5CA}.Release|Any CPU.ActiveCfg = Release|Any CPU
		{A69AA80B-A05B-4340-B0C7-D8B29713C5CA}.Release|Any CPU.Build.0 = Release|Any CPU
	EndGlobalSection
	GlobalSection(SolutionProperties) = preSolution
		HideSolutionNode = FALSE
	EndGlobalSection
	GlobalSection(ExtensibilityGlobals) = postSolution
		SolutionGuid = {0DCF96E1-B8BF-4BA4-9AB5-D4558CFB96D9}
	EndGlobalSection
EndGlobal
